
Microsoft Visual Studio Solution File, Format Version 12.00
# Visual Studio Version 17
VisualStudioVersion = 17.4.33213.308
MinimumVisualStudioVersion = 10.0.40219.1
Project("{FAE04EC0-301F-11D3-BF4B-00C04F79EFBC}") = "Application", "Application\Application.csproj", "{033C25CF-36B6-434C-BDFA-B86CEB3D7656}"
EndProject
Project("{FAE04EC0-301F-11D3-BF4B-00C04F79EFBC}") = "LogComponent", "Logger\LogComponent.csproj", "{C268D99A-F2E5-4229-A50F-3F8D6643BA41}"
EndProject
Project("{FAE04EC0-301F-11D3-BF4B-00C04F79EFBC}") = "LogComponent.Test", "LogComponent.Test\LogComponent.Test.csproj", "{57AE402C-A1DB-4325-8F4E-1EF4361387C5}"
EndProject
Global
	GlobalSection(SolutionConfigurationPlatforms) = preSolution
		Debug|Any CPU = Debug|Any CPU
		Release|Any CPU = Release|Any CPU
	EndGlobalSection
	GlobalSection(ProjectConfigurationPlatforms) = postSolution
		{033C25CF-36B6-434C-BDFA-B86CEB3D7656}.Debug|Any CPU.ActiveCfg = Debug|Any CPU
		{033C25CF-36B6-434C-BDFA-B86CEB3D7656}.Debug|Any CPU.Build.0 = Debug|Any CPU
		{033C25CF-36B6-434C-BDFA-B86CEB3D7656}.Release|Any CPU.ActiveCfg = Release|Any CPU
		{033C25CF-36B6-434C-BDFA-B86CEB3D7656}.Release|Any CPU.Build.0 = Release|Any CPU
		{C268D99A-F2E5-4229-A50F-3F8D6643BA41}.Debug|Any CPU.ActiveCfg = Debug|Any CPU
		{C268D99A-F2E5-4229-A50F-3F8D6643BA41}.Debug|Any CPU.Build.0 = Debug|Any CPU
		{C268D99A-F2E5-4229-A50F-3F8D6643BA41}.Release|Any CPU.ActiveCfg = Release|Any CPU
		{C268D99A-F2E5-4229-A50F-3F8D6643BA41}.Release|Any CPU.Build.0 = Release|Any CPU
		{57AE402C-A1DB-4325-8F4E-1EF4361387C5}.Debug|Any CPU.ActiveCfg = Debug|Any CPU
		{57AE402C-A1DB-4325-8F4E-1EF4361387C5}.Debug|Any CPU.Build.0 = Debug|Any CPU
		{57AE402C-A1DB-4325-8F4E-1EF4361387C5}.Release|Any CPU.ActiveCfg = Release|Any CPU
		{57AE402C-A1DB-4325-8F4E-1EF4361387C5}.Release|Any CPU.Build.0 = Release|Any CPU
	EndGlobalSection
	GlobalSection(SolutionProperties) = preSolution
		HideSolutionNode = FALSE
	EndGlobalSection
	GlobalSection(ExtensibilityGlobals) = postSolution
		SolutionGuid = {A64F4879-A4C4-4FB7-A694-03175421FE19}
	EndGlobalSection
EndGlobal
